
Microsoft Visual Studio Solution File, Format Version 12.00
# Visual Studio Express 2012 for Windows Desktop
Project("{FAE04EC0-301F-11D3-BF4B-00C04F79EFBC}") = "Aplikacja wypożyczalnia", "Aplikacja wypożyczalnia\Aplikacja wypożyczalnia.csproj", "{CAF2473B-54E2-44F8-8500-A529481CD4BC}"
EndProject
Global
	GlobalSection(SolutionConfigurationPlatforms) = preSolution
		Debug|Any CPU = Debug|Any CPU
		Release|Any CPU = Release|Any CPU
	EndGlobalSection
	GlobalSection(ProjectConfigurationPlatforms) = postSolution
		{CAF2473B-54E2-44F8-8500-A529481CD4BC}.Debug|Any CPU.ActiveCfg = Debug|Any CPU
		{CAF2473B-54E2-44F8-8500-A529481CD4BC}.Debug|Any CPU.Build.0 = Debug|Any CPU
		{CAF2473B-54E2-44F8-8500-A529481CD4BC}.Release|Any CPU.ActiveCfg = Release|Any CPU
		{CAF2473B-54E2-44F8-8500-A529481CD4BC}.Release|Any CPU.Build.0 = Release|Any CPU
	EndGlobalSection
	GlobalSection(SolutionProperties) = preSolution
		HideSolutionNode = FALSE
	EndGlobalSection
EndGlobal
