
Microsoft Visual Studio Solution File, Format Version 12.00
# Visual Studio 15
VisualStudioVersion = 15.0.27130.2003
MinimumVisualStudioVersion = 10.0.40219.1
Project("{FAE04EC0-301F-11D3-BF4B-00C04F79EFBC}") = "Aplikacja wypożyczalnia", "Aplikacja wypożyczalnia\Aplikacja wypożyczalnia.csproj", "{CAF2473B-54E2-44F8-8500-A529481CD4BC}"
EndProject
Project("{FAE04EC0-301F-11D3-BF4B-00C04F79EFBC}") = "UnitTestProject2", "UnitTestProject2\UnitTestProject2.csproj", "{4A772023-AA56-4D4A-BBB9-F12C5F8D1455}"
EndProject
Global
	GlobalSection(SolutionConfigurationPlatforms) = preSolution
		Debug|Any CPU = Debug|Any CPU
		Release|Any CPU = Release|Any CPU
	EndGlobalSection
	GlobalSection(ProjectConfigurationPlatforms) = postSolution
		{CAF2473B-54E2-44F8-8500-A529481CD4BC}.Debug|Any CPU.ActiveCfg = Debug|Any CPU
		{CAF2473B-54E2-44F8-8500-A529481CD4BC}.Debug|Any CPU.Build.0 = Debug|Any CPU
		{CAF2473B-54E2-44F8-8500-A529481CD4BC}.Release|Any CPU.ActiveCfg = Release|Any CPU
		{CAF2473B-54E2-44F8-8500-A529481CD4BC}.Release|Any CPU.Build.0 = Release|Any CPU
		{4A772023-AA56-4D4A-BBB9-F12C5F8D1455}.Debug|Any CPU.ActiveCfg = Debug|Any CPU
		{4A772023-AA56-4D4A-BBB9-F12C5F8D1455}.Debug|Any CPU.Build.0 = Debug|Any CPU
		{4A772023-AA56-4D4A-BBB9-F12C5F8D1455}.Release|Any CPU.ActiveCfg = Release|Any CPU
		{4A772023-AA56-4D4A-BBB9-F12C5F8D1455}.Release|Any CPU.Build.0 = Release|Any CPU
	EndGlobalSection
	GlobalSection(SolutionProperties) = preSolution
		HideSolutionNode = FALSE
	EndGlobalSection
	GlobalSection(ExtensibilityGlobals) = postSolution
		SolutionGuid = {5B70BE77-FEF1-4FE4-9A85-5282E8BE35B4}
	EndGlobalSection
EndGlobal
